
Microsoft Visual Studio Solution File, Format Version 12.00
# Visual Studio 15
Project("{FAE04EC0-301F-11D3-BF4B-00C04F79EFBC}") = "GummyWorms", "GummyWorms\GummyWorms.csproj", "{42F23022-38CE-4FCD-82D5-97267568704B}"
EndProject
Project("{FAE04EC0-301F-11D3-BF4B-00C04F79EFBC}") = "Playground.Android", "Playground.Android\Playground.Android.csproj", "{803B4516-90BC-4977-AF2C-F7DDC103D325}"
EndProject
Project("{FAE04EC0-301F-11D3-BF4B-00C04F79EFBC}") = "Playground.iOS", "Playground.iOS\Playground.iOS.csproj", "{936CCCE5-4942-43BC-AC8D-499AC0094E1E}"
EndProject
Project("{FAE04EC0-301F-11D3-BF4B-00C04F79EFBC}") = "Playground", "Playground\Playground.csproj", "{7681B62A-73EB-47DE-8300-96503438FAE3}"
EndProject
Global
	GlobalSection(SolutionConfigurationPlatforms) = preSolution
		Debug|Any CPU = Debug|Any CPU
		Release|Any CPU = Release|Any CPU
		Debug|iPhoneSimulator = Debug|iPhoneSimulator
		Release|iPhoneSimulator = Release|iPhoneSimulator
		Debug|iPhone = Debug|iPhone
		Release|iPhone = Release|iPhone
	EndGlobalSection
	GlobalSection(ProjectConfigurationPlatforms) = postSolution
		{42F23022-38CE-4FCD-82D5-97267568704B}.Debug|Any CPU.ActiveCfg = Debug|Any CPU
		{42F23022-38CE-4FCD-82D5-97267568704B}.Debug|Any CPU.Build.0 = Debug|Any CPU
		{42F23022-38CE-4FCD-82D5-97267568704B}.Release|Any CPU.ActiveCfg = Release|Any CPU
		{42F23022-38CE-4FCD-82D5-97267568704B}.Release|Any CPU.Build.0 = Release|Any CPU
		{42F23022-38CE-4FCD-82D5-97267568704B}.Debug|iPhoneSimulator.ActiveCfg = Debug|Any CPU
		{42F23022-38CE-4FCD-82D5-97267568704B}.Debug|iPhoneSimulator.Build.0 = Debug|Any CPU
		{42F23022-38CE-4FCD-82D5-97267568704B}.Release|iPhoneSimulator.ActiveCfg = Release|Any CPU
		{42F23022-38CE-4FCD-82D5-97267568704B}.Release|iPhoneSimulator.Build.0 = Release|Any CPU
		{42F23022-38CE-4FCD-82D5-97267568704B}.Debug|iPhone.ActiveCfg = Debug|Any CPU
		{42F23022-38CE-4FCD-82D5-97267568704B}.Debug|iPhone.Build.0 = Debug|Any CPU
		{42F23022-38CE-4FCD-82D5-97267568704B}.Release|iPhone.ActiveCfg = Release|Any CPU
		{42F23022-38CE-4FCD-82D5-97267568704B}.Release|iPhone.Build.0 = Release|Any CPU
		{803B4516-90BC-4977-AF2C-F7DDC103D325}.Debug|Any CPU.ActiveCfg = Debug|Any CPU
		{803B4516-90BC-4977-AF2C-F7DDC103D325}.Debug|Any CPU.Build.0 = Debug|Any CPU
		{803B4516-90BC-4977-AF2C-F7DDC103D325}.Release|Any CPU.ActiveCfg = Release|Any CPU
		{803B4516-90BC-4977-AF2C-F7DDC103D325}.Release|Any CPU.Build.0 = Release|Any CPU
		{803B4516-90BC-4977-AF2C-F7DDC103D325}.Debug|iPhoneSimulator.ActiveCfg = Debug|Any CPU
		{803B4516-90BC-4977-AF2C-F7DDC103D325}.Debug|iPhoneSimulator.Build.0 = Debug|Any CPU
		{803B4516-90BC-4977-AF2C-F7DDC103D325}.Release|iPhoneSimulator.ActiveCfg = Release|Any CPU
		{803B4516-90BC-4977-AF2C-F7DDC103D325}.Release|iPhoneSimulator.Build.0 = Release|Any CPU
		{803B4516-90BC-4977-AF2C-F7DDC103D325}.Debug|iPhone.ActiveCfg = Debug|Any CPU
		{803B4516-90BC-4977-AF2C-F7DDC103D325}.Debug|iPhone.Build.0 = Debug|Any CPU
		{803B4516-90BC-4977-AF2C-F7DDC103D325}.Release|iPhone.ActiveCfg = Release|Any CPU
		{803B4516-90BC-4977-AF2C-F7DDC103D325}.Release|iPhone.Build.0 = Release|Any CPU
		{936CCCE5-4942-43BC-AC8D-499AC0094E1E}.Debug|Any CPU.ActiveCfg = Debug|iPhoneSimulator
		{936CCCE5-4942-43BC-AC8D-499AC0094E1E}.Debug|Any CPU.Build.0 = Debug|iPhoneSimulator
		{936CCCE5-4942-43BC-AC8D-499AC0094E1E}.Release|Any CPU.ActiveCfg = Release|iPhoneSimulator
		{936CCCE5-4942-43BC-AC8D-499AC0094E1E}.Release|Any CPU.Build.0 = Release|iPhoneSimulator
		{936CCCE5-4942-43BC-AC8D-499AC0094E1E}.Debug|iPhoneSimulator.ActiveCfg = Debug|iPhoneSimulator
		{936CCCE5-4942-43BC-AC8D-499AC0094E1E}.Debug|iPhoneSimulator.Build.0 = Debug|iPhoneSimulator
		{936CCCE5-4942-43BC-AC8D-499AC0094E1E}.Release|iPhoneSimulator.ActiveCfg = Release|iPhoneSimulator
		{936CCCE5-4942-43BC-AC8D-499AC0094E1E}.Release|iPhoneSimulator.Build.0 = Release|iPhoneSimulator
		{936CCCE5-4942-43BC-AC8D-499AC0094E1E}.Debug|iPhone.ActiveCfg = Debug|iPhone
		{936CCCE5-4942-43BC-AC8D-499AC0094E1E}.Debug|iPhone.Build.0 = Debug|iPhone
		{936CCCE5-4942-43BC-AC8D-499AC0094E1E}.Release|iPhone.ActiveCfg = Release|iPhone
		{936CCCE5-4942-43BC-AC8D-499AC0094E1E}.Release|iPhone.Build.0 = Release|iPhone
		{7681B62A-73EB-47DE-8300-96503438FAE3}.Debug|Any CPU.ActiveCfg = Debug|Any CPU
		{7681B62A-73EB-47DE-8300-96503438FAE3}.Debug|Any CPU.Build.0 = Debug|Any CPU
		{7681B62A-73EB-47DE-8300-96503438FAE3}.Release|Any CPU.ActiveCfg = Release|Any CPU
		{7681B62A-73EB-47DE-8300-96503438FAE3}.Release|Any CPU.Build.0 = Release|Any CPU
		{7681B62A-73EB-47DE-8300-96503438FAE3}.Debug|iPhoneSimulator.ActiveCfg = Debug|Any CPU
		{7681B62A-73EB-47DE-8300-96503438FAE3}.Debug|iPhoneSimulator.Build.0 = Debug|Any CPU
		{7681B62A-73EB-47DE-8300-96503438FAE3}.Release|iPhoneSimulator.ActiveCfg = Release|Any CPU
		{7681B62A-73EB-47DE-8300-96503438FAE3}.Release|iPhoneSimulator.Build.0 = Release|Any CPU
		{7681B62A-73EB-47DE-8300-96503438FAE3}.Debug|iPhone.ActiveCfg = Debug|Any CPU
		{7681B62A-73EB-47DE-8300-96503438FAE3}.Debug|iPhone.Build.0 = Debug|Any CPU
		{7681B62A-73EB-47DE-8300-96503438FAE3}.Release|iPhone.ActiveCfg = Release|Any CPU
		{7681B62A-73EB-47DE-8300-96503438FAE3}.Release|iPhone.Build.0 = Release|Any CPU
	EndGlobalSection
EndGlobal
